// !$*UTF8*$!
{
	archiveVersion = 1;
	classes = {
	};
	objectVersion = 55;
	objects = {

/* Begin PBXBuildFile section */
		05BFF3BF28EB5BDB004BCC5F /* AppDelegate.swift in Sources */ = {isa = PBXBuildFile; fileRef = 05BFF3BE28EB5BDB004BCC5F /* AppDelegate.swift */; };
		05BFF3C128EB5BDC004BCC5F /* SceneDelegate.swift in Sources */ = {isa = PBXBuildFile; fileRef = 05BFF3C028EB5BDC004BCC5F /* SceneDelegate.swift */; };
		05BFF3C328EB5BDC004BCC5F /* ViewController.swift in Sources */ = {isa = PBXBuildFile; fileRef = 05BFF3C228EB5BDC004BCC5F /* ViewController.swift */; };
		05BFF3C628EB5BDC004BCC5F /* Main.storyboard in Resources */ = {isa = PBXBuildFile; fileRef = 05BFF3C428EB5BDC004BCC5F /* Main.storyboard */; };
		05BFF3C828EB5BDC004BCC5F /* Assets.xcassets in Resources */ = {isa = PBXBuildFile; fileRef = 05BFF3C728EB5BDC004BCC5F /* Assets.xcassets */; };
		05BFF3CB28EB5BDC004BCC5F /* LaunchScreen.storyboard in Resources */ = {isa = PBXBuildFile; fileRef = 05BFF3C928EB5BDC004BCC5F /* LaunchScreen.storyboard */; };
		05BFF3D428EB5CF8004BCC5F /* FirebaseDatabase in Frameworks */ = {isa = PBXBuildFile; productRef = 05BFF3D328EB5CF8004BCC5F /* FirebaseDatabase */; };
		05BFF3D628EB5CF8004BCC5F /* FirebaseDatabaseSwift in Frameworks */ = {isa = PBXBuildFile; productRef = 05BFF3D528EB5CF8004BCC5F /* FirebaseDatabaseSwift */; };
		05BFF3D828EB5D48004BCC5F /* HostLoginViewController.swift in Sources */ = {isa = PBXBuildFile; fileRef = 05BFF3D728EB5D48004BCC5F /* HostLoginViewController.swift */; };
		05BFF3DA28EB5D4D004BCC5F /* LobbyViewController.swift in Sources */ = {isa = PBXBuildFile; fileRef = 05BFF3D928EB5D4D004BCC5F /* LobbyViewController.swift */; };
		05BFF3DC28EB5D51004BCC5F /* GoogleService-Info.plist in Resources */ = {isa = PBXBuildFile; fileRef = 05BFF3DB28EB5D51004BCC5F /* GoogleService-Info.plist */; };
		B419ECD428EC25600001E3DE /* RoomViewController.swift in Sources */ = {isa = PBXBuildFile; fileRef = B419ECD328EC25600001E3DE /* RoomViewController.swift */; };
		B419ECD928EC28910001E3DE /* UserInfo.swift in Sources */ = {isa = PBXBuildFile; fileRef = B419ECD828EC28910001E3DE /* UserInfo.swift */; };
		B419ECDB28EC2A2E0001E3DE /* CurrentUserInfo.swift in Sources */ = {isa = PBXBuildFile; fileRef = B419ECDA28EC2A2E0001E3DE /* CurrentUserInfo.swift */; };
		B419ECDD28EC2CE30001E3DE /* MainViewController.swift in Sources */ = {isa = PBXBuildFile; fileRef = B419ECDC28EC2CE30001E3DE /* MainViewController.swift */; };
		B419ECDF28EC37D40001E3DE /* ClientViewController.swift in Sources */ = {isa = PBXBuildFile; fileRef = B419ECDE28EC37D40001E3DE /* ClientViewController.swift */; };
		B419ECE128EC3A6B0001E3DE /* ClientLoginViewController.swift in Sources */ = {isa = PBXBuildFile; fileRef = B419ECE028EC3A6B0001E3DE /* ClientLoginViewController.swift */; };
		B4B5D3C128EC692900D7EC29 /* Rooms.swift in Sources */ = {isa = PBXBuildFile; fileRef = B4B5D3C028EC692900D7EC29 /* Rooms.swift */; };
/* End PBXBuildFile section */

/* Begin PBXFileReference section */
		05BFF3BB28EB5BDB004BCC5F /* PartyArcade.app */ = {isa = PBXFileReference; explicitFileType = wrapper.application; includeInIndex = 0; path = PartyArcade.app; sourceTree = BUILT_PRODUCTS_DIR; };
		05BFF3BE28EB5BDB004BCC5F /* AppDelegate.swift */ = {isa = PBXFileReference; lastKnownFileType = sourcecode.swift; path = AppDelegate.swift; sourceTree = "<group>"; };
		05BFF3C028EB5BDC004BCC5F /* SceneDelegate.swift */ = {isa = PBXFileReference; lastKnownFileType = sourcecode.swift; path = SceneDelegate.swift; sourceTree = "<group>"; };
		05BFF3C228EB5BDC004BCC5F /* ViewController.swift */ = {isa = PBXFileReference; lastKnownFileType = sourcecode.swift; path = ViewController.swift; sourceTree = "<group>"; };
		05BFF3C528EB5BDC004BCC5F /* Base */ = {isa = PBXFileReference; lastKnownFileType = file.storyboard; name = Base; path = Base.lproj/Main.storyboard; sourceTree = "<group>"; };
		05BFF3C728EB5BDC004BCC5F /* Assets.xcassets */ = {isa = PBXFileReference; lastKnownFileType = folder.assetcatalog; path = Assets.xcassets; sourceTree = "<group>"; };
		05BFF3CA28EB5BDC004BCC5F /* Base */ = {isa = PBXFileReference; lastKnownFileType = file.storyboard; name = Base; path = Base.lproj/LaunchScreen.storyboard; sourceTree = "<group>"; };
		05BFF3CC28EB5BDC004BCC5F /* Info.plist */ = {isa = PBXFileReference; lastKnownFileType = text.plist.xml; path = Info.plist; sourceTree = "<group>"; };
		05BFF3D728EB5D48004BCC5F /* HostLoginViewController.swift */ = {isa = PBXFileReference; fileEncoding = 4; lastKnownFileType = sourcecode.swift; path = HostLoginViewController.swift; sourceTree = "<group>"; };
		05BFF3D928EB5D4D004BCC5F /* LobbyViewController.swift */ = {isa = PBXFileReference; fileEncoding = 4; lastKnownFileType = sourcecode.swift; path = LobbyViewController.swift; sourceTree = "<group>"; };
		05BFF3DB28EB5D51004BCC5F /* GoogleService-Info.plist */ = {isa = PBXFileReference; fileEncoding = 4; lastKnownFileType = text.plist.xml; path = "GoogleService-Info.plist"; sourceTree = "<group>"; };
		B419ECD328EC25600001E3DE /* RoomViewController.swift */ = {isa = PBXFileReference; lastKnownFileType = sourcecode.swift; path = RoomViewController.swift; sourceTree = "<group>"; };
		B419ECD828EC28910001E3DE /* UserInfo.swift */ = {isa = PBXFileReference; lastKnownFileType = sourcecode.swift; path = UserInfo.swift; sourceTree = "<group>"; };
		B419ECDA28EC2A2E0001E3DE /* CurrentUserInfo.swift */ = {isa = PBXFileReference; lastKnownFileType = sourcecode.swift; path = CurrentUserInfo.swift; sourceTree = "<group>"; };
		B419ECDC28EC2CE30001E3DE /* MainViewController.swift */ = {isa = PBXFileReference; lastKnownFileType = sourcecode.swift; path = MainViewController.swift; sourceTree = "<group>"; };
		B419ECDE28EC37D40001E3DE /* ClientViewController.swift */ = {isa = PBXFileReference; lastKnownFileType = sourcecode.swift; path = ClientViewController.swift; sourceTree = "<group>"; };
		B419ECE028EC3A6B0001E3DE /* ClientLoginViewController.swift */ = {isa = PBXFileReference; lastKnownFileType = sourcecode.swift; path = ClientLoginViewController.swift; sourceTree = "<group>"; };
		B4B5D3C028EC692900D7EC29 /* Rooms.swift */ = {isa = PBXFileReference; lastKnownFileType = sourcecode.swift; path = Rooms.swift; sourceTree = "<group>"; };
/* End PBXFileReference section */

/* Begin PBXFrameworksBuildPhase section */
		05BFF3B828EB5BDB004BCC5F /* Frameworks */ = {
			isa = PBXFrameworksBuildPhase;
			buildActionMask = 2147483647;
			files = (
				05BFF3D628EB5CF8004BCC5F /* FirebaseDatabaseSwift in Frameworks */,
				05BFF3D428EB5CF8004BCC5F /* FirebaseDatabase in Frameworks */,
			);
			runOnlyForDeploymentPostprocessing = 0;
		};
/* End PBXFrameworksBuildPhase section */

/* Begin PBXGroup section */
		05BFF3B228EB5BDB004BCC5F = {
			isa = PBXGroup;
			children = (
				05BFF3BD28EB5BDB004BCC5F /* PartyArcade */,
				05BFF3BC28EB5BDB004BCC5F /* Products */,
			);
			sourceTree = "<group>";
		};
		05BFF3BC28EB5BDB004BCC5F /* Products */ = {
			isa = PBXGroup;
			children = (
				05BFF3BB28EB5BDB004BCC5F /* PartyArcade.app */,
			);
			name = Products;
			sourceTree = "<group>";
		};
		05BFF3BD28EB5BDB004BCC5F /* PartyArcade */ = {
			isa = PBXGroup;
			children = (
				05BFF3BE28EB5BDB004BCC5F /* AppDelegate.swift */,
				05BFF3C028EB5BDC004BCC5F /* SceneDelegate.swift */,
				B419ECD728EC25720001E3DE /* Model */,
				B419ECD628EC256E0001E3DE /* Controllers */,
				B419ECD528EC25650001E3DE /* Views */,
				05BFF3C728EB5BDC004BCC5F /* Assets.xcassets */,
				05BFF3C928EB5BDC004BCC5F /* LaunchScreen.storyboard */,
				05BFF3DB28EB5D51004BCC5F /* GoogleService-Info.plist */,
				05BFF3CC28EB5BDC004BCC5F /* Info.plist */,
			);
			path = PartyArcade;
			sourceTree = "<group>";
		};
		B419ECD528EC25650001E3DE /* Views */ = {
			isa = PBXGroup;
			children = (
				05BFF3C428EB5BDC004BCC5F /* Main.storyboard */,
			);
			path = Views;
			sourceTree = "<group>";
		};
		B419ECD628EC256E0001E3DE /* Controllers */ = {
			isa = PBXGroup;
			children = (
				B419ECD328EC25600001E3DE /* RoomViewController.swift */,
				05BFF3D728EB5D48004BCC5F /* HostLoginViewController.swift */,
				B419ECDC28EC2CE30001E3DE /* MainViewController.swift */,
				05BFF3D928EB5D4D004BCC5F /* LobbyViewController.swift */,
				05BFF3C228EB5BDC004BCC5F /* ViewController.swift */,
				B419ECDE28EC37D40001E3DE /* ClientViewController.swift */,
				B419ECE028EC3A6B0001E3DE /* ClientLoginViewController.swift */,
			);
			path = Controllers;
			sourceTree = "<group>";
		};
		B419ECD728EC25720001E3DE /* Model */ = {
			isa = PBXGroup;
			children = (
				B419ECD828EC28910001E3DE /* UserInfo.swift */,
				B419ECDA28EC2A2E0001E3DE /* CurrentUserInfo.swift */,
				B4B5D3C028EC692900D7EC29 /* Rooms.swift */,
			);
			path = Model;
			sourceTree = "<group>";
		};
/* End PBXGroup section */

/* Begin PBXNativeTarget section */
		05BFF3BA28EB5BDB004BCC5F /* PartyArcade */ = {
			isa = PBXNativeTarget;
			buildConfigurationList = 05BFF3CF28EB5BDC004BCC5F /* Build configuration list for PBXNativeTarget "PartyArcade" */;
			buildPhases = (
				05BFF3B728EB5BDB004BCC5F /* Sources */,
				05BFF3B828EB5BDB004BCC5F /* Frameworks */,
				05BFF3B928EB5BDB004BCC5F /* Resources */,
			);
			buildRules = (
			);
			dependencies = (
			);
			name = PartyArcade;
			packageProductDependencies = (
				05BFF3D328EB5CF8004BCC5F /* FirebaseDatabase */,
				05BFF3D528EB5CF8004BCC5F /* FirebaseDatabaseSwift */,
			);
			productName = PartyArcade;
			productReference = 05BFF3BB28EB5BDB004BCC5F /* PartyArcade.app */;
			productType = "com.apple.product-type.application";
		};
/* End PBXNativeTarget section */

/* Begin PBXProject section */
		05BFF3B328EB5BDB004BCC5F /* Project object */ = {
			isa = PBXProject;
			attributes = {
				BuildIndependentTargetsInParallel = 1;
				LastSwiftUpdateCheck = 1340;
				LastUpgradeCheck = 1340;
				TargetAttributes = {
					05BFF3BA28EB5BDB004BCC5F = {
						CreatedOnToolsVersion = 13.4.1;
					};
				};
			};
			buildConfigurationList = 05BFF3B628EB5BDB004BCC5F /* Build configuration list for PBXProject "PartyArcade" */;
			compatibilityVersion = "Xcode 13.0";
			developmentRegion = en;
			hasScannedForEncodings = 0;
			knownRegions = (
				en,
				Base,
			);
			mainGroup = 05BFF3B228EB5BDB004BCC5F;
			packageReferences = (
				05BFF3D228EB5CF8004BCC5F /* XCRemoteSwiftPackageReference "firebase-ios-sdk" */,
			);
			productRefGroup = 05BFF3BC28EB5BDB004BCC5F /* Products */;
			projectDirPath = "";
			projectRoot = "";
			targets = (
				05BFF3BA28EB5BDB004BCC5F /* PartyArcade */,
			);
		};
/* End PBXProject section */

/* Begin PBXResourcesBuildPhase section */
		05BFF3B928EB5BDB004BCC5F /* Resources */ = {
			isa = PBXResourcesBuildPhase;
			buildActionMask = 2147483647;
			files = (
				05BFF3CB28EB5BDC004BCC5F /* LaunchScreen.storyboard in Resources */,
				05BFF3DC28EB5D51004BCC5F /* GoogleService-Info.plist in Resources */,
				05BFF3C828EB5BDC004BCC5F /* Assets.xcassets in Resources */,
				05BFF3C628EB5BDC004BCC5F /* Main.storyboard in Resources */,
			);
			runOnlyForDeploymentPostprocessing = 0;
		};
/* End PBXResourcesBuildPhase section */

/* Begin PBXSourcesBuildPhase section */
		05BFF3B728EB5BDB004BCC5F /* Sources */ = {
			isa = PBXSourcesBuildPhase;
			buildActionMask = 2147483647;
			files = (
				B419ECE128EC3A6B0001E3DE /* ClientLoginViewController.swift in Sources */,
				05BFF3D828EB5D48004BCC5F /* HostLoginViewController.swift in Sources */,
				B4B5D3C128EC692900D7EC29 /* Rooms.swift in Sources */,
				05BFF3DA28EB5D4D004BCC5F /* LobbyViewController.swift in Sources */,
				05BFF3C328EB5BDC004BCC5F /* ViewController.swift in Sources */,
				B419ECDF28EC37D40001E3DE /* ClientViewController.swift in Sources */,
				B419ECD428EC25600001E3DE /* RoomViewController.swift in Sources */,
				05BFF3BF28EB5BDB004BCC5F /* AppDelegate.swift in Sources */,
				B419ECD928EC28910001E3DE /* UserInfo.swift in Sources */,
				B419ECDD28EC2CE30001E3DE /* MainViewController.swift in Sources */,
				B419ECDB28EC2A2E0001E3DE /* CurrentUserInfo.swift in Sources */,
				05BFF3C128EB5BDC004BCC5F /* SceneDelegate.swift in Sources */,
			);
			runOnlyForDeploymentPostprocessing = 0;
		};
/* End PBXSourcesBuildPhase section */

/* Begin PBXVariantGroup section */
		05BFF3C428EB5BDC004BCC5F /* Main.storyboard */ = {
			isa = PBXVariantGroup;
			children = (
				05BFF3C528EB5BDC004BCC5F /* Base */,
			);
			name = Main.storyboard;
			sourceTree = "<group>";
		};
		05BFF3C928EB5BDC004BCC5F /* LaunchScreen.storyboard */ = {
			isa = PBXVariantGroup;
			children = (
				05BFF3CA28EB5BDC004BCC5F /* Base */,
			);
			name = LaunchScreen.storyboard;
			sourceTree = "<group>";
		};
/* End PBXVariantGroup section */

/* Begin XCBuildConfiguration section */
		05BFF3CD28EB5BDC004BCC5F /* Debug */ = {
			isa = XCBuildConfiguration;
			buildSettings = {
				ALWAYS_SEARCH_USER_PATHS = NO;
				CLANG_ANALYZER_NONNULL = YES;
				CLANG_ANALYZER_NUMBER_OBJECT_CONVERSION = YES_AGGRESSIVE;
				CLANG_CXX_LANGUAGE_STANDARD = "gnu++17";
				CLANG_ENABLE_MODULES = YES;
				CLANG_ENABLE_OBJC_ARC = YES;
				CLANG_ENABLE_OBJC_WEAK = YES;
				CLANG_WARN_BLOCK_CAPTURE_AUTORELEASING = YES;
				CLANG_WARN_BOOL_CONVERSION = YES;
				CLANG_WARN_COMMA = YES;
				CLANG_WARN_CONSTANT_CONVERSION = YES;
				CLANG_WARN_DEPRECATED_OBJC_IMPLEMENTATIONS = YES;
				CLANG_WARN_DIRECT_OBJC_ISA_USAGE = YES_ERROR;
				CLANG_WARN_DOCUMENTATION_COMMENTS = YES;
				CLANG_WARN_EMPTY_BODY = YES;
				CLANG_WARN_ENUM_CONVERSION = YES;
				CLANG_WARN_INFINITE_RECURSION = YES;
				CLANG_WARN_INT_CONVERSION = YES;
				CLANG_WARN_NON_LITERAL_NULL_CONVERSION = YES;
				CLANG_WARN_OBJC_IMPLICIT_RETAIN_SELF = YES;
				CLANG_WARN_OBJC_LITERAL_CONVERSION = YES;
				CLANG_WARN_OBJC_ROOT_CLASS = YES_ERROR;
				CLANG_WARN_QUOTED_INCLUDE_IN_FRAMEWORK_HEADER = YES;
				CLANG_WARN_RANGE_LOOP_ANALYSIS = YES;
				CLANG_WARN_STRICT_PROTOTYPES = YES;
				CLANG_WARN_SUSPICIOUS_MOVE = YES;
				CLANG_WARN_UNGUARDED_AVAILABILITY = YES_AGGRESSIVE;
				CLANG_WARN_UNREACHABLE_CODE = YES;
				CLANG_WARN__DUPLICATE_METHOD_MATCH = YES;
				COPY_PHASE_STRIP = NO;
				DEBUG_INFORMATION_FORMAT = dwarf;
				ENABLE_STRICT_OBJC_MSGSEND = YES;
				ENABLE_TESTABILITY = YES;
				GCC_C_LANGUAGE_STANDARD = gnu11;
				GCC_DYNAMIC_NO_PIC = NO;
				GCC_NO_COMMON_BLOCKS = YES;
				GCC_OPTIMIZATION_LEVEL = 0;
				GCC_PREPROCESSOR_DEFINITIONS = (
					"DEBUG=1",
					"$(inherited)",
				);
				GCC_WARN_64_TO_32_BIT_CONVERSION = YES;
				GCC_WARN_ABOUT_RETURN_TYPE = YES_ERROR;
				GCC_WARN_UNDECLARED_SELECTOR = YES;
				GCC_WARN_UNINITIALIZED_AUTOS = YES_AGGRESSIVE;
				GCC_WARN_UNUSED_FUNCTION = YES;
				GCC_WARN_UNUSED_VARIABLE = YES;
				IPHONEOS_DEPLOYMENT_TARGET = 15.5;
				MTL_ENABLE_DEBUG_INFO = INCLUDE_SOURCE;
				MTL_FAST_MATH = YES;
				ONLY_ACTIVE_ARCH = YES;
				SDKROOT = iphoneos;
				SWIFT_ACTIVE_COMPILATION_CONDITIONS = DEBUG;
				SWIFT_OPTIMIZATION_LEVEL = "-Onone";
			};
			name = Debug;
		};
		05BFF3CE28EB5BDC004BCC5F /* Release */ = {
			isa = XCBuildConfiguration;
			buildSettings = {
				ALWAYS_SEARCH_USER_PATHS = NO;
				CLANG_ANALYZER_NONNULL = YES;
				CLANG_ANALYZER_NUMBER_OBJECT_CONVERSION = YES_AGGRESSIVE;
				CLANG_CXX_LANGUAGE_STANDARD = "gnu++17";
				CLANG_ENABLE_MODULES = YES;
				CLANG_ENABLE_OBJC_ARC = YES;
				CLANG_ENABLE_OBJC_WEAK = YES;
				CLANG_WARN_BLOCK_CAPTURE_AUTORELEASING = YES;
				CLANG_WARN_BOOL_CONVERSION = YES;
				CLANG_WARN_COMMA = YES;
				CLANG_WARN_CONSTANT_CONVERSION = YES;
				CLANG_WARN_DEPRECATED_OBJC_IMPLEMENTATIONS = YES;
				CLANG_WARN_DIRECT_OBJC_ISA_USAGE = YES_ERROR;
				CLANG_WARN_DOCUMENTATION_COMMENTS = YES;
				CLANG_WARN_EMPTY_BODY = YES;
				CLANG_WARN_ENUM_CONVERSION = YES;
				CLANG_WARN_INFINITE_RECURSION = YES;
				CLANG_WARN_INT_CONVERSION = YES;
				CLANG_WARN_NON_LITERAL_NULL_CONVERSION = YES;
				CLANG_WARN_OBJC_IMPLICIT_RETAIN_SELF = YES;
				CLANG_WARN_OBJC_LITERAL_CONVERSION = YES;
				CLANG_WARN_OBJC_ROOT_CLASS = YES_ERROR;
				CLANG_WARN_QUOTED_INCLUDE_IN_FRAMEWORK_HEADER = YES;
				CLANG_WARN_RANGE_LOOP_ANALYSIS = YES;
				CLANG_WARN_STRICT_PROTOTYPES = YES;
				CLANG_WARN_SUSPICIOUS_MOVE = YES;
				CLANG_WARN_UNGUARDED_AVAILABILITY = YES_AGGRESSIVE;
				CLANG_WARN_UNREACHABLE_CODE = YES;
				CLANG_WARN__DUPLICATE_METHOD_MATCH = YES;
				COPY_PHASE_STRIP = NO;
				DEBUG_INFORMATION_FORMAT = "dwarf-with-dsym";
				ENABLE_NS_ASSERTIONS = NO;
				ENABLE_STRICT_OBJC_MSGSEND = YES;
				GCC_C_LANGUAGE_STANDARD = gnu11;
				GCC_NO_COMMON_BLOCKS = YES;
				GCC_WARN_64_TO_32_BIT_CONVERSION = YES;
				GCC_WARN_ABOUT_RETURN_TYPE = YES_ERROR;
				GCC_WARN_UNDECLARED_SELECTOR = YES;
				GCC_WARN_UNINITIALIZED_AUTOS = YES_AGGRESSIVE;
				GCC_WARN_UNUSED_FUNCTION = YES;
				GCC_WARN_UNUSED_VARIABLE = YES;
				IPHONEOS_DEPLOYMENT_TARGET = 15.5;
				MTL_ENABLE_DEBUG_INFO = NO;
				MTL_FAST_MATH = YES;
				SDKROOT = iphoneos;
				SWIFT_COMPILATION_MODE = wholemodule;
				SWIFT_OPTIMIZATION_LEVEL = "-O";
				VALIDATE_PRODUCT = YES;
			};
			name = Release;
		};
		05BFF3D028EB5BDC004BCC5F /* Debug */ = {
			isa = XCBuildConfiguration;
			buildSettings = {
				ASSETCATALOG_COMPILER_APPICON_NAME = AppIcon;
				ASSETCATALOG_COMPILER_GLOBAL_ACCENT_COLOR_NAME = AccentColor;
				CODE_SIGN_STYLE = Automatic;
				CURRENT_PROJECT_VERSION = 1;
				DEVELOPMENT_TEAM = W9647FYSN7;
				GENERATE_INFOPLIST_FILE = YES;
				INFOPLIST_FILE = PartyArcade/Info.plist;
				INFOPLIST_KEY_UIApplicationSupportsIndirectInputEvents = YES;
				INFOPLIST_KEY_UILaunchStoryboardName = LaunchScreen;
				INFOPLIST_KEY_UIMainStoryboardFile = Main;
				INFOPLIST_KEY_UISupportedInterfaceOrientations_iPad = "UIInterfaceOrientationPortrait UIInterfaceOrientationPortraitUpsideDown UIInterfaceOrientationLandscapeLeft UIInterfaceOrientationLandscapeRight";
				INFOPLIST_KEY_UISupportedInterfaceOrientations_iPhone = "UIInterfaceOrientationPortrait UIInterfaceOrientationLandscapeLeft UIInterfaceOrientationLandscapeRight";
				IPHONEOS_DEPLOYMENT_TARGET = 14.0;
				LD_RUNPATH_SEARCH_PATHS = (
					"$(inherited)",
					"@executable_path/Frameworks",
				);
				MARKETING_VERSION = 1.0;
				PRODUCT_BUNDLE_IDENTIFIER = Y6.PartyArcade;
				PRODUCT_NAME = "$(TARGET_NAME)";
				SWIFT_EMIT_LOC_STRINGS = YES;
				SWIFT_VERSION = 5.0;
				TARGETED_DEVICE_FAMILY = "1,2";
			};
			name = Debug;
		};
		05BFF3D128EB5BDC004BCC5F /* Release */ = {
			isa = XCBuildConfiguration;
			buildSettings = {
				ASSETCATALOG_COMPILER_APPICON_NAME = AppIcon;
				ASSETCATALOG_COMPILER_GLOBAL_ACCENT_COLOR_NAME = AccentColor;
				CODE_SIGN_STYLE = Automatic;
				CURRENT_PROJECT_VERSION = 1;
				DEVELOPMENT_TEAM = W9647FYSN7;
				GENERATE_INFOPLIST_FILE = YES;
				INFOPLIST_FILE = PartyArcade/Info.plist;
				INFOPLIST_KEY_UIApplicationSupportsIndirectInputEvents = YES;
				INFOPLIST_KEY_UILaunchStoryboardName = LaunchScreen;
				INFOPLIST_KEY_UIMainStoryboardFile = Main;
				INFOPLIST_KEY_UISupportedInterfaceOrientations_iPad = "UIInterfaceOrientationPortrait UIInterfaceOrientationPortraitUpsideDown UIInterfaceOrientationLandscapeLeft UIInterfaceOrientationLandscapeRight";
				INFOPLIST_KEY_UISupportedInterfaceOrientations_iPhone = "UIInterfaceOrientationPortrait UIInterfaceOrientationLandscapeLeft UIInterfaceOrientationLandscapeRight";
				IPHONEOS_DEPLOYMENT_TARGET = 14.0;
				LD_RUNPATH_SEARCH_PATHS = (
					"$(inherited)",
					"@executable_path/Frameworks",
				);
				MARKETING_VERSION = 1.0;
				PRODUCT_BUNDLE_IDENTIFIER = Y6.PartyArcade;
				PRODUCT_NAME = "$(TARGET_NAME)";
				SWIFT_EMIT_LOC_STRINGS = YES;
				SWIFT_VERSION = 5.0;
				TARGETED_DEVICE_FAMILY = "1,2";
			};
			name = Release;
		};
/* End XCBuildConfiguration section */

/* Begin XCConfigurationList section */
		05BFF3B628EB5BDB004BCC5F /* Build configuration list for PBXProject "PartyArcade" */ = {
			isa = XCConfigurationList;
			buildConfigurations = (
				05BFF3CD28EB5BDC004BCC5F /* Debug */,
				05BFF3CE28EB5BDC004BCC5F /* Release */,
			);
			defaultConfigurationIsVisible = 0;
			defaultConfigurationName = Release;
		};
		05BFF3CF28EB5BDC004BCC5F /* Build configuration list for PBXNativeTarget "PartyArcade" */ = {
			isa = XCConfigurationList;
			buildConfigurations = (
				05BFF3D028EB5BDC004BCC5F /* Debug */,
				05BFF3D128EB5BDC004BCC5F /* Release */,
			);
			defaultConfigurationIsVisible = 0;
			defaultConfigurationName = Release;
		};
/* End XCConfigurationList section */

/* Begin XCRemoteSwiftPackageReference section */
		05BFF3D228EB5CF8004BCC5F /* XCRemoteSwiftPackageReference "firebase-ios-sdk" */ = {
			isa = XCRemoteSwiftPackageReference;
			repositoryURL = "https://github.com/firebase/firebase-ios-sdk";
			requirement = {
				kind = upToNextMinorVersion;
				minimumVersion = 9.6.0;
			};
		};
/* End XCRemoteSwiftPackageReference section */

/* Begin XCSwiftPackageProductDependency section */
		05BFF3D328EB5CF8004BCC5F /* FirebaseDatabase */ = {
			isa = XCSwiftPackageProductDependency;
			package = 05BFF3D228EB5CF8004BCC5F /* XCRemoteSwiftPackageReference "firebase-ios-sdk" */;
			productName = FirebaseDatabase;
		};
		05BFF3D528EB5CF8004BCC5F /* FirebaseDatabaseSwift */ = {
			isa = XCSwiftPackageProductDependency;
			package = 05BFF3D228EB5CF8004BCC5F /* XCRemoteSwiftPackageReference "firebase-ios-sdk" */;
			productName = FirebaseDatabaseSwift;
		};
/* End XCSwiftPackageProductDependency section */
	};
	rootObject = 05BFF3B328EB5BDB004BCC5F /* Project object */;
}
